
Microsoft Visual Studio Solution File, Format Version 12.00
# Visual Studio Version 17
VisualStudioVersion = 17.0.31903.59
MinimumVisualStudioVersion = 10.0.40219.1
Project("{9A19103F-16F7-4668-BE54-9A1E7A4F7556}") = "JourneyBotConsole", "Tests\JourneyBotConsole.csproj", "{1248D366-C42E-49AB-99AE-C55D9DCEBEAE}"
EndProject
Project("{9A19103F-16F7-4668-BE54-9A1E7A4F7556}") = "JourneyBot.Common", "Common\JourneyBot.Common.csproj", "{C4198A1D-9DEC-4F93-9B28-78047A8479B8}"
EndProject
Project("{2150E333-8FDC-42A3-9474-1A3956D46DE8}") = "Common", "Common", "{8293F9B1-3B92-424A-A567-F3493CA49176}"
EndProject
Project("{9A19103F-16F7-4668-BE54-9A1E7A4F7556}") = "JourneyBot.Web", "JourneyBot.Web\JourneyBot.Web.csproj", "{6E4904F9-F909-4A2F-BCB7-943F37F55CC9}"
EndProject
Project("{9A19103F-16F7-4668-BE54-9A1E7A4F7556}") = "JourneyBot.Datamodel", "JourneyBot.Datamodel\JourneyBot.Datamodel.csproj", "{B7F5EDAB-4A28-4EF8-8F86-F0C76CB20055}"
EndProject
Project("{9A19103F-16F7-4668-BE54-9A1E7A4F7556}") = "JourneyBot.Logic", "JourneyBot.Logic\JourneyBot.Logic.csproj", "{85B26808-5E20-4E31-B1BB-8F192B039F4C}"
EndProject
Project("{9A19103F-16F7-4668-BE54-9A1E7A4F7556}") = "JourneyBot.Database", "JourneyBot.Database\JourneyBot.Database.csproj", "{C04B5AA9-18D4-4D47-986B-8C56D1D35031}"
EndProject
Project("{2150E333-8FDC-42A3-9474-1A3956D46DE8}") = "Users", "Users", "{F873F325-79A7-4447-8DB4-B2FD3D7F005F}"
EndProject
Project("{FAE04EC0-301F-11D3-BF4B-00C04F79EFBC}") = "Journey.Users.Database", "Journey.Users.Database\Journey.Users.Database.csproj", "{410D6F01-944F-488F-A45C-DA87FE02CE18}"
EndProject
Global
	GlobalSection(SolutionConfigurationPlatforms) = preSolution
		Debug|Any CPU = Debug|Any CPU
		Release|Any CPU = Release|Any CPU
	EndGlobalSection
	GlobalSection(ProjectConfigurationPlatforms) = postSolution
		{1248D366-C42E-49AB-99AE-C55D9DCEBEAE}.Debug|Any CPU.ActiveCfg = Debug|Any CPU
		{1248D366-C42E-49AB-99AE-C55D9DCEBEAE}.Debug|Any CPU.Build.0 = Debug|Any CPU
		{1248D366-C42E-49AB-99AE-C55D9DCEBEAE}.Release|Any CPU.ActiveCfg = Release|Any CPU
		{1248D366-C42E-49AB-99AE-C55D9DCEBEAE}.Release|Any CPU.Build.0 = Release|Any CPU
		{C4198A1D-9DEC-4F93-9B28-78047A8479B8}.Debug|Any CPU.ActiveCfg = Debug|Any CPU
		{C4198A1D-9DEC-4F93-9B28-78047A8479B8}.Debug|Any CPU.Build.0 = Debug|Any CPU
		{C4198A1D-9DEC-4F93-9B28-78047A8479B8}.Release|Any CPU.ActiveCfg = Release|Any CPU
		{C4198A1D-9DEC-4F93-9B28-78047A8479B8}.Release|Any CPU.Build.0 = Release|Any CPU
		{6E4904F9-F909-4A2F-BCB7-943F37F55CC9}.Debug|Any CPU.ActiveCfg = Debug|Any CPU
		{6E4904F9-F909-4A2F-BCB7-943F37F55CC9}.Debug|Any CPU.Build.0 = Debug|Any CPU
		{6E4904F9-F909-4A2F-BCB7-943F37F55CC9}.Release|Any CPU.ActiveCfg = Release|Any CPU
		{6E4904F9-F909-4A2F-BCB7-943F37F55CC9}.Release|Any CPU.Build.0 = Release|Any CPU
		{B7F5EDAB-4A28-4EF8-8F86-F0C76CB20055}.Debug|Any CPU.ActiveCfg = Debug|Any CPU
		{B7F5EDAB-4A28-4EF8-8F86-F0C76CB20055}.Debug|Any CPU.Build.0 = Debug|Any CPU
		{B7F5EDAB-4A28-4EF8-8F86-F0C76CB20055}.Release|Any CPU.ActiveCfg = Release|Any CPU
		{B7F5EDAB-4A28-4EF8-8F86-F0C76CB20055}.Release|Any CPU.Build.0 = Release|Any CPU
		{85B26808-5E20-4E31-B1BB-8F192B039F4C}.Debug|Any CPU.ActiveCfg = Debug|Any CPU
		{85B26808-5E20-4E31-B1BB-8F192B039F4C}.Debug|Any CPU.Build.0 = Debug|Any CPU
		{85B26808-5E20-4E31-B1BB-8F192B039F4C}.Release|Any CPU.ActiveCfg = Release|Any CPU
		{85B26808-5E20-4E31-B1BB-8F192B039F4C}.Release|Any CPU.Build.0 = Release|Any CPU
		{C04B5AA9-18D4-4D47-986B-8C56D1D35031}.Debug|Any CPU.ActiveCfg = Debug|Any CPU
		{C04B5AA9-18D4-4D47-986B-8C56D1D35031}.Debug|Any CPU.Build.0 = Debug|Any CPU
		{C04B5AA9-18D4-4D47-986B-8C56D1D35031}.Release|Any CPU.ActiveCfg = Release|Any CPU
		{C04B5AA9-18D4-4D47-986B-8C56D1D35031}.Release|Any CPU.Build.0 = Release|Any CPU
		{410D6F01-944F-488F-A45C-DA87FE02CE18}.Debug|Any CPU.ActiveCfg = Debug|Any CPU
		{410D6F01-944F-488F-A45C-DA87FE02CE18}.Debug|Any CPU.Build.0 = Debug|Any CPU
		{410D6F01-944F-488F-A45C-DA87FE02CE18}.Release|Any CPU.ActiveCfg = Release|Any CPU
		{410D6F01-944F-488F-A45C-DA87FE02CE18}.Release|Any CPU.Build.0 = Release|Any CPU
	EndGlobalSection
	GlobalSection(SolutionProperties) = preSolution
		HideSolutionNode = FALSE
	EndGlobalSection
	GlobalSection(NestedProjects) = preSolution
		{C4198A1D-9DEC-4F93-9B28-78047A8479B8} = {8293F9B1-3B92-424A-A567-F3493CA49176}
		{410D6F01-944F-488F-A45C-DA87FE02CE18} = {F873F325-79A7-4447-8DB4-B2FD3D7F005F}
	EndGlobalSection
	GlobalSection(ExtensibilityGlobals) = postSolution
		SolutionGuid = {FB6CEDAC-CBA5-4D40-8788-F44F5BC40F4A}
	EndGlobalSection
EndGlobal
